
Microsoft Visual Studio Solution File, Format Version 12.00
# Visual Studio Version 16
VisualStudioVersion = 16.0.31729.503
MinimumVisualStudioVersion = 10.0.40219.1
Project("{FAE04EC0-301F-11D3-BF4B-00C04F79EFBC}") = "Odev3", "Odev3\Odev3.csproj", "{7C5AA45A-3A40-4162-BF4D-76F51DBEF031}"
EndProject
Global
	GlobalSection(SolutionConfigurationPlatforms) = preSolution
		Debug|Any CPU = Debug|Any CPU
		Release|Any CPU = Release|Any CPU
	EndGlobalSection
	GlobalSection(ProjectConfigurationPlatforms) = postSolution
		{7C5AA45A-3A40-4162-BF4D-76F51DBEF031}.Debug|Any CPU.ActiveCfg = Debug|Any CPU
		{7C5AA45A-3A40-4162-BF4D-76F51DBEF031}.Debug|Any CPU.Build.0 = Debug|Any CPU
		{7C5AA45A-3A40-4162-BF4D-76F51DBEF031}.Release|Any CPU.ActiveCfg = Release|Any CPU
		{7C5AA45A-3A40-4162-BF4D-76F51DBEF031}.Release|Any CPU.Build.0 = Release|Any CPU
	EndGlobalSection
	GlobalSection(SolutionProperties) = preSolution
		HideSolutionNode = FALSE
	EndGlobalSection
	GlobalSection(ExtensibilityGlobals) = postSolution
		SolutionGuid = {94C30C61-6360-4C08-9F47-3ED1258768CE}
	EndGlobalSection
EndGlobal
